
Microsoft Visual Studio Solution File, Format Version 12.00
# Visual Studio Version 16
VisualStudioVersion = 16.0.31321.278
MinimumVisualStudioVersion = 10.0.40219.1
Project("{FAE04EC0-301F-11D3-BF4B-00C04F79EFBC}") = "Blog.Data", "src\Blog.Data\Blog.Data.csproj", "{1D213B31-FFE4-4C61-9D06-0AE9581BD845}"
EndProject
Project("{FAE04EC0-301F-11D3-BF4B-00C04F79EFBC}") = "Blog.Business", "src\Blog.Business\Blog.Business.csproj", "{CD81052A-FE48-4623-B04A-F5485288B868}"
EndProject
Project("{FAE04EC0-301F-11D3-BF4B-00C04F79EFBC}") = "Blog.Api", "src\Blog.Api\Blog.Api.csproj", "{E85E2B35-7DCC-463A-9AC4-327332E73258}"
EndProject
Global
	GlobalSection(SolutionConfigurationPlatforms) = preSolution
		Debug|Any CPU = Debug|Any CPU
		Release|Any CPU = Release|Any CPU
	EndGlobalSection
	GlobalSection(ProjectConfigurationPlatforms) = postSolution
		{1D213B31-FFE4-4C61-9D06-0AE9581BD845}.Debug|Any CPU.ActiveCfg = Debug|Any CPU
		{1D213B31-FFE4-4C61-9D06-0AE9581BD845}.Debug|Any CPU.Build.0 = Debug|Any CPU
		{1D213B31-FFE4-4C61-9D06-0AE9581BD845}.Release|Any CPU.ActiveCfg = Release|Any CPU
		{1D213B31-FFE4-4C61-9D06-0AE9581BD845}.Release|Any CPU.Build.0 = Release|Any CPU
		{CD81052A-FE48-4623-B04A-F5485288B868}.Debug|Any CPU.ActiveCfg = Debug|Any CPU
		{CD81052A-FE48-4623-B04A-F5485288B868}.Debug|Any CPU.Build.0 = Debug|Any CPU
		{CD81052A-FE48-4623-B04A-F5485288B868}.Release|Any CPU.ActiveCfg = Release|Any CPU
		{CD81052A-FE48-4623-B04A-F5485288B868}.Release|Any CPU.Build.0 = Release|Any CPU
		{E85E2B35-7DCC-463A-9AC4-327332E73258}.Debug|Any CPU.ActiveCfg = Debug|Any CPU
		{E85E2B35-7DCC-463A-9AC4-327332E73258}.Debug|Any CPU.Build.0 = Debug|Any CPU
		{E85E2B35-7DCC-463A-9AC4-327332E73258}.Release|Any CPU.ActiveCfg = Release|Any CPU
		{E85E2B35-7DCC-463A-9AC4-327332E73258}.Release|Any CPU.Build.0 = Release|Any CPU
	EndGlobalSection
	GlobalSection(SolutionProperties) = preSolution
		HideSolutionNode = FALSE
	EndGlobalSection
	GlobalSection(ExtensibilityGlobals) = postSolution
		SolutionGuid = {1D7660A5-970D-4675-8E59-90F34EF70735}
	EndGlobalSection
EndGlobal
